
Microsoft Visual Studio Solution File, Format Version 12.00
# Visual Studio 15
VisualStudioVersion = 15.0.26430.6
MinimumVisualStudioVersion = 14.0.22823.1
Project("{2150E333-8FDC-42A3-9474-1A3956D46DE8}") = "TestAssemblies", "TestAssemblies", "{546A6338-E25E-4796-AF08-A4742E3BDF7B}"
EndProject
Project("{9A19103F-16F7-4668-BE54-9A1E7A4F7556}") = "AssemblyToProcess", "TestAssemblies\AssemblyToProcess\AssemblyToProcess.csproj", "{7DEC4E2D-F872-434E-A267-0BAD65299950}"
EndProject
Project("{9A19103F-16F7-4668-BE54-9A1E7A4F7556}") = "PropertyChanged.Fody", "PropertyChanged.Fody\PropertyChanged.Fody.csproj", "{C3578A7B-09A6-4444-9383-0DEAFA4958BD}"
EndProject
Project("{9A19103F-16F7-4668-BE54-9A1E7A4F7556}") = "PropertyChangedTests", "PropertyChangedTests\PropertyChangedTests.csproj", "{5A86453B-96FB-4B6E-A283-225BB9F753D3}"
	ProjectSection(ProjectDependencies) = postProject
		{AD0C2F0B-03E5-41EB-A1F4-69CBEADD5889} = {AD0C2F0B-03E5-41EB-A1F4-69CBEADD5889}
		{D5DA2C16-94A2-428C-A1F2-4CC4D2D40BBB} = {D5DA2C16-94A2-428C-A1F2-4CC4D2D40BBB}
		{4E375B19-D418-4FCC-8433-9CD740537450} = {4E375B19-D418-4FCC-8433-9CD740537450}
		{7DEC4E2D-F872-434E-A267-0BAD65299950} = {7DEC4E2D-F872-434E-A267-0BAD65299950}
		{DA025360-790C-46E8-8143-2D2DEADCFE8A} = {DA025360-790C-46E8-8143-2D2DEADCFE8A}
		{2D35F37B-DE5B-4240-96F2-749156558093} = {2D35F37B-DE5B-4240-96F2-749156558093}
		{A190DEA4-0618-4792-ACAA-B5B7CFD8C464} = {A190DEA4-0618-4792-ACAA-B5B7CFD8C464}
		{3E3D50C4-456D-4EB8-A6E5-F5E96353CDB9} = {3E3D50C4-456D-4EB8-A6E5-F5E96353CDB9}
		{2D0BB2E1-3F4D-4C27-9F58-5070CB3F568A} = {2D0BB2E1-3F4D-4C27-9F58-5070CB3F568A}
		{6D1CF2E8-CC4F-47BB-BEE7-E4C16C8C1252} = {6D1CF2E8-CC4F-47BB-BEE7-E4C16C8C1252}
		{257B24FC-1F76-47A6-BCD3-06EC78BDF8A5} = {257B24FC-1F76-47A6-BCD3-06EC78BDF8A5}
	EndProjectSection
EndProject
Project("{9A19103F-16F7-4668-BE54-9A1E7A4F7556}") = "AssemblyWithBaseInDifferentModule", "TestAssemblies\AssemblyWithBaseInDifferentModule\AssemblyWithBaseInDifferentModule.csproj", "{2D0BB2E1-3F4D-4C27-9F58-5070CB3F568A}"
EndProject
Project("{9A19103F-16F7-4668-BE54-9A1E7A4F7556}") = "AssemblyWithBase", "TestAssemblies\AssemblyWithBase\AssemblyWithBase.csproj", "{215A7490-3AE7-4A76-91B5-8C5464D08CF7}"
EndProject
Project("{9A19103F-16F7-4668-BE54-9A1E7A4F7556}") = "AssemblyWithInterceptor", "TestAssemblies\AssemblyWithInterceptor\AssemblyWithInterceptor.csproj", "{3E3D50C4-456D-4EB8-A6E5-F5E96353CDB9}"
EndProject
Project("{9A19103F-16F7-4668-BE54-9A1E7A4F7556}") = "AssemblyWithBeforeAfterInterceptor", "TestAssemblies\AssemblyWithBeforeAfterInterceptor\AssemblyWithBeforeAfterInterceptor.csproj", "{2D35F37B-DE5B-4240-96F2-749156558093}"
EndProject
Project("{9A19103F-16F7-4668-BE54-9A1E7A4F7556}") = "AssemblyUsingAttributeWrong", "TestAssemblies\AssemblyUsingAttributeWrong\AssemblyUsingAttributeWrong.csproj", "{D5DA2C16-94A2-428C-A1F2-4CC4D2D40BBB}"
EndProject
Project("{9A19103F-16F7-4668-BE54-9A1E7A4F7556}") = "AssemblyWithBadNamedInvoker", "TestAssemblies\AssemblyWithBadNamedInvoker\AssemblyWithBadNamedInvoker.csproj", "{A190DEA4-0618-4792-ACAA-B5B7CFD8C464}"
EndProject
Project("{9A19103F-16F7-4668-BE54-9A1E7A4F7556}") = "AssemblyInheritingBadNamedInvoker", "TestAssemblies\AssemblyInheritingBadNamedInvoker\AssemblyInheritingBadNamedInvoker.csproj", "{AD0C2F0B-03E5-41EB-A1F4-69CBEADD5889}"
EndProject
Project("{9A19103F-16F7-4668-BE54-9A1E7A4F7556}") = "AssemblyWithBlockingClass", "TestAssemblies\AssemblyWithBlockingClass\AssemblyWithBlockingClass.csproj", "{4E375B19-D418-4FCC-8433-9CD740537450}"
EndProject
Project("{FAE04EC0-301F-11D3-BF4B-00C04F79EFBC}") = "Nuget", "NuGet\Nuget.csproj", "{63786CE5-D899-43DF-AD4E-C2CA3BAC3FC2}"
EndProject
Project("{9A19103F-16F7-4668-BE54-9A1E7A4F7556}") = "AssemblyWithStackOverflow", "TestAssemblies\AssemblyWithStackOverflow\AssemblyWithStackOverflow.csproj", "{A3BC44F0-27B3-4498-8DA3-337ABC41B441}"
EndProject
Project("{9A19103F-16F7-4668-BE54-9A1E7A4F7556}") = "PropertyChanged", "PropertyChanged\PropertyChanged.csproj", "{40235741-D750-45B1-8DC5-49576025ABA9}"
EndProject
Project("{9A19103F-16F7-4668-BE54-9A1E7A4F7556}") = "AssemblyWithNonVoidOnPropertyNameChanged", "TestAssemblies\AssemblyWithNonVoidOnPropertyNameChanged\AssemblyWithNonVoidOnPropertyNameChanged.csproj", "{DA025360-790C-46E8-8143-2D2DEADCFE8A}"
EndProject
Project("{9A19103F-16F7-4668-BE54-9A1E7A4F7556}") = "AssemblyWithTypeFilter", "TestAssemblies\AssemblyWithTypeFilter\AssemblyWithTypeFilter.csproj", "{6D1CF2E8-CC4F-47BB-BEE7-E4C16C8C1252}"
EndProject
Project("{F2A71F9B-5D33-465A-A702-920D77279786}") = "AssemblyFSharp", "TestAssemblies\AssemblyFSharp\AssemblyFSharp.fsproj", "{257B24FC-1F76-47A6-BCD3-06EC78BDF8A5}"
EndProject
Global
	GlobalSection(SolutionConfigurationPlatforms) = preSolution
		Debug|Any CPU = Debug|Any CPU
		Debug|ARM = Debug|ARM
		Debug|x86 = Debug|x86
		Release|Any CPU = Release|Any CPU
		Release|ARM = Release|ARM
		Release|x86 = Release|x86
	EndGlobalSection
	GlobalSection(ProjectConfigurationPlatforms) = postSolution
		{7DEC4E2D-F872-434E-A267-0BAD65299950}.Debug|Any CPU.ActiveCfg = Debug|Any CPU
		{7DEC4E2D-F872-434E-A267-0BAD65299950}.Debug|Any CPU.Build.0 = Debug|Any CPU
		{7DEC4E2D-F872-434E-A267-0BAD65299950}.Debug|ARM.ActiveCfg = Debug|Any CPU
		{7DEC4E2D-F872-434E-A267-0BAD65299950}.Debug|x86.ActiveCfg = Debug|Any CPU
		{7DEC4E2D-F872-434E-A267-0BAD65299950}.Release|Any CPU.ActiveCfg = Release|Any CPU
		{7DEC4E2D-F872-434E-A267-0BAD65299950}.Release|Any CPU.Build.0 = Release|Any CPU
		{7DEC4E2D-F872-434E-A267-0BAD65299950}.Release|ARM.ActiveCfg = Release|Any CPU
		{7DEC4E2D-F872-434E-A267-0BAD65299950}.Release|x86.ActiveCfg = Release|Any CPU
		{C3578A7B-09A6-4444-9383-0DEAFA4958BD}.Debug|Any CPU.ActiveCfg = Debug|Any CPU
		{C3578A7B-09A6-4444-9383-0DEAFA4958BD}.Debug|Any CPU.Build.0 = Debug|Any CPU
		{C3578A7B-09A6-4444-9383-0DEAFA4958BD}.Debug|ARM.ActiveCfg = Debug|Any CPU
		{C3578A7B-09A6-4444-9383-0DEAFA4958BD}.Debug|x86.ActiveCfg = Debug|Any CPU
		{C3578A7B-09A6-4444-9383-0DEAFA4958BD}.Release|Any CPU.ActiveCfg = Release|Any CPU
		{C3578A7B-09A6-4444-9383-0DEAFA4958BD}.Release|Any CPU.Build.0 = Release|Any CPU
		{C3578A7B-09A6-4444-9383-0DEAFA4958BD}.Release|ARM.ActiveCfg = Release|Any CPU
		{C3578A7B-09A6-4444-9383-0DEAFA4958BD}.Release|x86.ActiveCfg = Release|Any CPU
		{5A86453B-96FB-4B6E-A283-225BB9F753D3}.Debug|Any CPU.ActiveCfg = Debug|Any CPU
		{5A86453B-96FB-4B6E-A283-225BB9F753D3}.Debug|Any CPU.Build.0 = Debug|Any CPU
		{5A86453B-96FB-4B6E-A283-225BB9F753D3}.Debug|ARM.ActiveCfg = Debug|Any CPU
		{5A86453B-96FB-4B6E-A283-225BB9F753D3}.Debug|x86.ActiveCfg = Debug|Any CPU
		{5A86453B-96FB-4B6E-A283-225BB9F753D3}.Release|Any CPU.ActiveCfg = Release|Any CPU
		{5A86453B-96FB-4B6E-A283-225BB9F753D3}.Release|Any CPU.Build.0 = Release|Any CPU
		{5A86453B-96FB-4B6E-A283-225BB9F753D3}.Release|ARM.ActiveCfg = Release|Any CPU
		{5A86453B-96FB-4B6E-A283-225BB9F753D3}.Release|x86.ActiveCfg = Release|Any CPU
		{2D0BB2E1-3F4D-4C27-9F58-5070CB3F568A}.Debug|Any CPU.ActiveCfg = Debug|Any CPU
		{2D0BB2E1-3F4D-4C27-9F58-5070CB3F568A}.Debug|Any CPU.Build.0 = Debug|Any CPU
		{2D0BB2E1-3F4D-4C27-9F58-5070CB3F568A}.Debug|ARM.ActiveCfg = Debug|Any CPU
		{2D0BB2E1-3F4D-4C27-9F58-5070CB3F568A}.Debug|x86.ActiveCfg = Debug|Any CPU
		{2D0BB2E1-3F4D-4C27-9F58-5070CB3F568A}.Release|Any CPU.ActiveCfg = Release|Any CPU
		{2D0BB2E1-3F4D-4C27-9F58-5070CB3F568A}.Release|Any CPU.Build.0 = Release|Any CPU
		{2D0BB2E1-3F4D-4C27-9F58-5070CB3F568A}.Release|ARM.ActiveCfg = Release|Any CPU
		{2D0BB2E1-3F4D-4C27-9F58-5070CB3F568A}.Release|x86.ActiveCfg = Release|Any CPU
		{215A7490-3AE7-4A76-91B5-8C5464D08CF7}.Debug|Any CPU.ActiveCfg = Debug|Any CPU
		{215A7490-3AE7-4A76-91B5-8C5464D08CF7}.Debug|Any CPU.Build.0 = Debug|Any CPU
		{215A7490-3AE7-4A76-91B5-8C5464D08CF7}.Debug|ARM.ActiveCfg = Debug|Any CPU
		{215A7490-3AE7-4A76-91B5-8C5464D08CF7}.Debug|x86.ActiveCfg = Debug|Any CPU
		{215A7490-3AE7-4A76-91B5-8C5464D08CF7}.Release|Any CPU.ActiveCfg = Release|Any CPU
		{215A7490-3AE7-4A76-91B5-8C5464D08CF7}.Release|Any CPU.Build.0 = Release|Any CPU
		{215A7490-3AE7-4A76-91B5-8C5464D08CF7}.Release|ARM.ActiveCfg = Release|Any CPU
		{215A7490-3AE7-4A76-91B5-8C5464D08CF7}.Release|x86.ActiveCfg = Release|Any CPU
		{3E3D50C4-456D-4EB8-A6E5-F5E96353CDB9}.Debug|Any CPU.ActiveCfg = Debug|Any CPU
		{3E3D50C4-456D-4EB8-A6E5-F5E96353CDB9}.Debug|Any CPU.Build.0 = Debug|Any CPU
		{3E3D50C4-456D-4EB8-A6E5-F5E96353CDB9}.Debug|ARM.ActiveCfg = Debug|Any CPU
		{3E3D50C4-456D-4EB8-A6E5-F5E96353CDB9}.Debug|x86.ActiveCfg = Debug|Any CPU
		{3E3D50C4-456D-4EB8-A6E5-F5E96353CDB9}.Release|Any CPU.ActiveCfg = Release|Any CPU
		{3E3D50C4-456D-4EB8-A6E5-F5E96353CDB9}.Release|Any CPU.Build.0 = Release|Any CPU
		{3E3D50C4-456D-4EB8-A6E5-F5E96353CDB9}.Release|ARM.ActiveCfg = Release|Any CPU
		{3E3D50C4-456D-4EB8-A6E5-F5E96353CDB9}.Release|x86.ActiveCfg = Release|Any CPU
		{2D35F37B-DE5B-4240-96F2-749156558093}.Debug|Any CPU.ActiveCfg = Debug|Any CPU
		{2D35F37B-DE5B-4240-96F2-749156558093}.Debug|Any CPU.Build.0 = Debug|Any CPU
		{2D35F37B-DE5B-4240-96F2-749156558093}.Debug|ARM.ActiveCfg = Debug|Any CPU
		{2D35F37B-DE5B-4240-96F2-749156558093}.Debug|x86.ActiveCfg = Debug|Any CPU
		{2D35F37B-DE5B-4240-96F2-749156558093}.Release|Any CPU.ActiveCfg = Release|Any CPU
		{2D35F37B-DE5B-4240-96F2-749156558093}.Release|Any CPU.Build.0 = Release|Any CPU
		{2D35F37B-DE5B-4240-96F2-749156558093}.Release|ARM.ActiveCfg = Release|Any CPU
		{2D35F37B-DE5B-4240-96F2-749156558093}.Release|x86.ActiveCfg = Release|Any CPU
		{D5DA2C16-94A2-428C-A1F2-4CC4D2D40BBB}.Debug|Any CPU.ActiveCfg = Debug|Any CPU
		{D5DA2C16-94A2-428C-A1F2-4CC4D2D40BBB}.Debug|Any CPU.Build.0 = Debug|Any CPU
		{D5DA2C16-94A2-428C-A1F2-4CC4D2D40BBB}.Debug|ARM.ActiveCfg = Debug|Any CPU
		{D5DA2C16-94A2-428C-A1F2-4CC4D2D40BBB}.Debug|x86.ActiveCfg = Debug|Any CPU
		{D5DA2C16-94A2-428C-A1F2-4CC4D2D40BBB}.Release|Any CPU.ActiveCfg = Release|Any CPU
		{D5DA2C16-94A2-428C-A1F2-4CC4D2D40BBB}.Release|Any CPU.Build.0 = Release|Any CPU
		{D5DA2C16-94A2-428C-A1F2-4CC4D2D40BBB}.Release|ARM.ActiveCfg = Release|Any CPU
		{D5DA2C16-94A2-428C-A1F2-4CC4D2D40BBB}.Release|x86.ActiveCfg = Release|Any CPU
		{A190DEA4-0618-4792-ACAA-B5B7CFD8C464}.Debug|Any CPU.ActiveCfg = Debug|Any CPU
		{A190DEA4-0618-4792-ACAA-B5B7CFD8C464}.Debug|Any CPU.Build.0 = Debug|Any CPU
		{A190DEA4-0618-4792-ACAA-B5B7CFD8C464}.Debug|ARM.ActiveCfg = Debug|Any CPU
		{A190DEA4-0618-4792-ACAA-B5B7CFD8C464}.Debug|x86.ActiveCfg = Debug|Any CPU
		{A190DEA4-0618-4792-ACAA-B5B7CFD8C464}.Release|Any CPU.ActiveCfg = Release|Any CPU
		{A190DEA4-0618-4792-ACAA-B5B7CFD8C464}.Release|Any CPU.Build.0 = Release|Any CPU
		{A190DEA4-0618-4792-ACAA-B5B7CFD8C464}.Release|ARM.ActiveCfg = Release|Any CPU
		{A190DEA4-0618-4792-ACAA-B5B7CFD8C464}.Release|x86.ActiveCfg = Release|Any CPU
		{AD0C2F0B-03E5-41EB-A1F4-69CBEADD5889}.Debug|Any CPU.ActiveCfg = Debug|Any CPU
		{AD0C2F0B-03E5-41EB-A1F4-69CBEADD5889}.Debug|Any CPU.Build.0 = Debug|Any CPU
		{AD0C2F0B-03E5-41EB-A1F4-69CBEADD5889}.Debug|ARM.ActiveCfg = Debug|Any CPU
		{AD0C2F0B-03E5-41EB-A1F4-69CBEADD5889}.Debug|x86.ActiveCfg = Debug|Any CPU
		{AD0C2F0B-03E5-41EB-A1F4-69CBEADD5889}.Release|Any CPU.ActiveCfg = Release|Any CPU
		{AD0C2F0B-03E5-41EB-A1F4-69CBEADD5889}.Release|Any CPU.Build.0 = Release|Any CPU
		{AD0C2F0B-03E5-41EB-A1F4-69CBEADD5889}.Release|ARM.ActiveCfg = Release|Any CPU
		{AD0C2F0B-03E5-41EB-A1F4-69CBEADD5889}.Release|x86.ActiveCfg = Release|Any CPU
		{4E375B19-D418-4FCC-8433-9CD740537450}.Debug|Any CPU.ActiveCfg = Debug|Any CPU
		{4E375B19-D418-4FCC-8433-9CD740537450}.Debug|Any CPU.Build.0 = Debug|Any CPU
		{4E375B19-D418-4FCC-8433-9CD740537450}.Debug|ARM.ActiveCfg = Debug|Any CPU
		{4E375B19-D418-4FCC-8433-9CD740537450}.Debug|x86.ActiveCfg = Debug|Any CPU
		{4E375B19-D418-4FCC-8433-9CD740537450}.Release|Any CPU.ActiveCfg = Release|Any CPU
		{4E375B19-D418-4FCC-8433-9CD740537450}.Release|Any CPU.Build.0 = Release|Any CPU
		{4E375B19-D418-4FCC-8433-9CD740537450}.Release|ARM.ActiveCfg = Release|Any CPU
		{4E375B19-D418-4FCC-8433-9CD740537450}.Release|x86.ActiveCfg = Release|Any CPU
		{63786CE5-D899-43DF-AD4E-C2CA3BAC3FC2}.Debug|Any CPU.ActiveCfg = Debug|Any CPU
		{63786CE5-D899-43DF-AD4E-C2CA3BAC3FC2}.Debug|Any CPU.Build.0 = Debug|Any CPU
		{63786CE5-D899-43DF-AD4E-C2CA3BAC3FC2}.Debug|ARM.ActiveCfg = Debug|Any CPU
		{63786CE5-D899-43DF-AD4E-C2CA3BAC3FC2}.Debug|x86.ActiveCfg = Debug|Any CPU
		{63786CE5-D899-43DF-AD4E-C2CA3BAC3FC2}.Release|Any CPU.ActiveCfg = Release|Any CPU
		{63786CE5-D899-43DF-AD4E-C2CA3BAC3FC2}.Release|Any CPU.Build.0 = Release|Any CPU
		{63786CE5-D899-43DF-AD4E-C2CA3BAC3FC2}.Release|ARM.ActiveCfg = Debug|Any CPU
		{63786CE5-D899-43DF-AD4E-C2CA3BAC3FC2}.Release|ARM.Build.0 = Debug|Any CPU
		{63786CE5-D899-43DF-AD4E-C2CA3BAC3FC2}.Release|x86.ActiveCfg = Debug|Any CPU
		{63786CE5-D899-43DF-AD4E-C2CA3BAC3FC2}.Release|x86.Build.0 = Debug|Any CPU
		{A3BC44F0-27B3-4498-8DA3-337ABC41B441}.Debug|Any CPU.ActiveCfg = Debug|Any CPU
		{A3BC44F0-27B3-4498-8DA3-337ABC41B441}.Debug|Any CPU.Build.0 = Debug|Any CPU
		{A3BC44F0-27B3-4498-8DA3-337ABC41B441}.Debug|ARM.ActiveCfg = Debug|Any CPU
		{A3BC44F0-27B3-4498-8DA3-337ABC41B441}.Debug|x86.ActiveCfg = Debug|Any CPU
		{A3BC44F0-27B3-4498-8DA3-337ABC41B441}.Release|Any CPU.ActiveCfg = Release|Any CPU
		{A3BC44F0-27B3-4498-8DA3-337ABC41B441}.Release|Any CPU.Build.0 = Release|Any CPU
		{A3BC44F0-27B3-4498-8DA3-337ABC41B441}.Release|ARM.ActiveCfg = Release|Any CPU
		{A3BC44F0-27B3-4498-8DA3-337ABC41B441}.Release|x86.ActiveCfg = Release|Any CPU
		{40235741-D750-45B1-8DC5-49576025ABA9}.Debug|Any CPU.ActiveCfg = Debug|Any CPU
		{40235741-D750-45B1-8DC5-49576025ABA9}.Debug|Any CPU.Build.0 = Debug|Any CPU
		{40235741-D750-45B1-8DC5-49576025ABA9}.Debug|ARM.ActiveCfg = Debug|Any CPU
		{40235741-D750-45B1-8DC5-49576025ABA9}.Debug|x86.ActiveCfg = Debug|Any CPU
		{40235741-D750-45B1-8DC5-49576025ABA9}.Release|Any CPU.ActiveCfg = Release|Any CPU
		{40235741-D750-45B1-8DC5-49576025ABA9}.Release|Any CPU.Build.0 = Release|Any CPU
		{40235741-D750-45B1-8DC5-49576025ABA9}.Release|ARM.ActiveCfg = Release|Any CPU
		{40235741-D750-45B1-8DC5-49576025ABA9}.Release|x86.ActiveCfg = Release|Any CPU
		{DA025360-790C-46E8-8143-2D2DEADCFE8A}.Debug|Any CPU.ActiveCfg = Debug|Any CPU
		{DA025360-790C-46E8-8143-2D2DEADCFE8A}.Debug|Any CPU.Build.0 = Debug|Any CPU
		{DA025360-790C-46E8-8143-2D2DEADCFE8A}.Debug|ARM.ActiveCfg = Debug|Any CPU
		{DA025360-790C-46E8-8143-2D2DEADCFE8A}.Debug|x86.ActiveCfg = Debug|Any CPU
		{DA025360-790C-46E8-8143-2D2DEADCFE8A}.Release|Any CPU.ActiveCfg = Release|Any CPU
		{DA025360-790C-46E8-8143-2D2DEADCFE8A}.Release|Any CPU.Build.0 = Release|Any CPU
		{DA025360-790C-46E8-8143-2D2DEADCFE8A}.Release|ARM.ActiveCfg = Release|Any CPU
		{DA025360-790C-46E8-8143-2D2DEADCFE8A}.Release|x86.ActiveCfg = Release|Any CPU
		{6D1CF2E8-CC4F-47BB-BEE7-E4C16C8C1252}.Debug|Any CPU.ActiveCfg = Debug|Any CPU
		{6D1CF2E8-CC4F-47BB-BEE7-E4C16C8C1252}.Debug|Any CPU.Build.0 = Debug|Any CPU
		{6D1CF2E8-CC4F-47BB-BEE7-E4C16C8C1252}.Debug|ARM.ActiveCfg = Debug|Any CPU
		{6D1CF2E8-CC4F-47BB-BEE7-E4C16C8C1252}.Debug|ARM.Build.0 = Debug|Any CPU
		{6D1CF2E8-CC4F-47BB-BEE7-E4C16C8C1252}.Debug|x86.ActiveCfg = Debug|Any CPU
		{6D1CF2E8-CC4F-47BB-BEE7-E4C16C8C1252}.Debug|x86.Build.0 = Debug|Any CPU
		{6D1CF2E8-CC4F-47BB-BEE7-E4C16C8C1252}.Release|Any CPU.ActiveCfg = Release|Any CPU
		{6D1CF2E8-CC4F-47BB-BEE7-E4C16C8C1252}.Release|Any CPU.Build.0 = Release|Any CPU
		{6D1CF2E8-CC4F-47BB-BEE7-E4C16C8C1252}.Release|ARM.ActiveCfg = Release|Any CPU
		{6D1CF2E8-CC4F-47BB-BEE7-E4C16C8C1252}.Release|ARM.Build.0 = Release|Any CPU
		{6D1CF2E8-CC4F-47BB-BEE7-E4C16C8C1252}.Release|x86.ActiveCfg = Release|Any CPU
		{6D1CF2E8-CC4F-47BB-BEE7-E4C16C8C1252}.Release|x86.Build.0 = Release|Any CPU
		{257B24FC-1F76-47A6-BCD3-06EC78BDF8A5}.Debug|Any CPU.ActiveCfg = Debug|Any CPU
		{257B24FC-1F76-47A6-BCD3-06EC78BDF8A5}.Debug|Any CPU.Build.0 = Debug|Any CPU
		{257B24FC-1F76-47A6-BCD3-06EC78BDF8A5}.Debug|ARM.ActiveCfg = Debug|Any CPU
		{257B24FC-1F76-47A6-BCD3-06EC78BDF8A5}.Debug|ARM.Build.0 = Debug|Any CPU
		{257B24FC-1F76-47A6-BCD3-06EC78BDF8A5}.Debug|x86.ActiveCfg = Debug|Any CPU
		{257B24FC-1F76-47A6-BCD3-06EC78BDF8A5}.Debug|x86.Build.0 = Debug|Any CPU
		{257B24FC-1F76-47A6-BCD3-06EC78BDF8A5}.Release|Any CPU.ActiveCfg = Release|Any CPU
		{257B24FC-1F76-47A6-BCD3-06EC78BDF8A5}.Release|Any CPU.Build.0 = Release|Any CPU
		{257B24FC-1F76-47A6-BCD3-06EC78BDF8A5}.Release|ARM.ActiveCfg = Release|Any CPU
		{257B24FC-1F76-47A6-BCD3-06EC78BDF8A5}.Release|ARM.Build.0 = Release|Any CPU
		{257B24FC-1F76-47A6-BCD3-06EC78BDF8A5}.Release|x86.ActiveCfg = Release|Any CPU
		{257B24FC-1F76-47A6-BCD3-06EC78BDF8A5}.Release|x86.Build.0 = Release|Any CPU
	EndGlobalSection
	GlobalSection(SolutionProperties) = preSolution
		HideSolutionNode = FALSE
	EndGlobalSection
	GlobalSection(NestedProjects) = preSolution
		{7DEC4E2D-F872-434E-A267-0BAD65299950} = {546A6338-E25E-4796-AF08-A4742E3BDF7B}
		{2D0BB2E1-3F4D-4C27-9F58-5070CB3F568A} = {546A6338-E25E-4796-AF08-A4742E3BDF7B}
		{215A7490-3AE7-4A76-91B5-8C5464D08CF7} = {546A6338-E25E-4796-AF08-A4742E3BDF7B}
		{3E3D50C4-456D-4EB8-A6E5-F5E96353CDB9} = {546A6338-E25E-4796-AF08-A4742E3BDF7B}
		{2D35F37B-DE5B-4240-96F2-749156558093} = {546A6338-E25E-4796-AF08-A4742E3BDF7B}
		{D5DA2C16-94A2-428C-A1F2-4CC4D2D40BBB} = {546A6338-E25E-4796-AF08-A4742E3BDF7B}
		{A190DEA4-0618-4792-ACAA-B5B7CFD8C464} = {546A6338-E25E-4796-AF08-A4742E3BDF7B}
		{AD0C2F0B-03E5-41EB-A1F4-69CBEADD5889} = {546A6338-E25E-4796-AF08-A4742E3BDF7B}
		{4E375B19-D418-4FCC-8433-9CD740537450} = {546A6338-E25E-4796-AF08-A4742E3BDF7B}
		{A3BC44F0-27B3-4498-8DA3-337ABC41B441} = {546A6338-E25E-4796-AF08-A4742E3BDF7B}
		{DA025360-790C-46E8-8143-2D2DEADCFE8A} = {546A6338-E25E-4796-AF08-A4742E3BDF7B}
		{6D1CF2E8-CC4F-47BB-BEE7-E4C16C8C1252} = {546A6338-E25E-4796-AF08-A4742E3BDF7B}
		{257B24FC-1F76-47A6-BCD3-06EC78BDF8A5} = {546A6338-E25E-4796-AF08-A4742E3BDF7B}
	EndGlobalSection
EndGlobal
